Microsoft Visual Studio Solution File, Format Version 11.00
# Visual Studio 2008

Project("{D1999ED8-74CC-C134-47B6-DCE54F6BE079}") = "UNITY", "Assembly-CSharp-firstpass.csproj", "{7D3F5596-3E55-DEDB-6DF6-43C3F4BFEEA4}"
EndProject
Project("{D1999ED8-74CC-C134-47B6-DCE54F6BE079}") = "UNITY", "Assembly-CSharp.csproj", "{193E8780-235F-C36B-4D27-68301175BEA0}"
EndProject
Project("{D1999ED8-74CC-C134-47B6-DCE54F6BE079}") = "UNITY", "Assembly-UnityScript-firstpass.unityproj", "{E606C86C-9F44-70A0-AD5D-812F7B294995}"
EndProject
Global
	GlobalSection(SolutionConfigurationPlatforms) = preSolution
		Debug|Any CPU = Debug|Any CPU
		Release|Any CPU = Release|Any CPU
	EndGlobalSection
	GlobalSection(ProjectConfigurationPlatforms) = postSolution
		{7D3F5596-3E55-DEDB-6DF6-43C3F4BFEEA4}.Debug|Any CPU.ActiveCfg = Debug|Any CPU
		{7D3F5596-3E55-DEDB-6DF6-43C3F4BFEEA4}.Debug|Any CPU.Build.0 = Debug|Any CPU
		{7D3F5596-3E55-DEDB-6DF6-43C3F4BFEEA4}.Release|Any CPU.ActiveCfg = Release|Any CPU
		{7D3F5596-3E55-DEDB-6DF6-43C3F4BFEEA4}.Release|Any CPU.Build.0 = Release|Any CPU
		{193E8780-235F-C36B-4D27-68301175BEA0}.Debug|Any CPU.ActiveCfg = Debug|Any CPU
		{193E8780-235F-C36B-4D27-68301175BEA0}.Debug|Any CPU.Build.0 = Debug|Any CPU
		{193E8780-235F-C36B-4D27-68301175BEA0}.Release|Any CPU.ActiveCfg = Release|Any CPU
		{193E8780-235F-C36B-4D27-68301175BEA0}.Release|Any CPU.Build.0 = Release|Any CPU
		{E606C86C-9F44-70A0-AD5D-812F7B294995}.Debug|Any CPU.ActiveCfg = Debug|Any CPU
		{E606C86C-9F44-70A0-AD5D-812F7B294995}.Debug|Any CPU.Build.0 = Debug|Any CPU
		{E606C86C-9F44-70A0-AD5D-812F7B294995}.Release|Any CPU.ActiveCfg = Release|Any CPU
		{E606C86C-9F44-70A0-AD5D-812F7B294995}.Release|Any CPU.Build.0 = Release|Any CPU
	EndGlobalSection
	GlobalSection(SolutionProperties) = preSolution
		HideSolutionNode = FALSE
	EndGlobalSection
												GlobalSection(MonoDevelopProperties) = preSolution
								GlobalSection(MonoDevelopProperties) = preSolution
		StartupItem = Assembly-CSharp.csproj
		Policies = $0
		$0.TextStylePolicy = $1
		$1.inheritsSet = null
		$1.scope = text/x-csharp
		$0.CSharpFormattingPolicy = $2
		$2.inheritsSet = Mono
		$2.inheritsScope = text/x-csharp
		$2.scope = text/x-csharp
		$0.TextStylePolicy = $3
		$3.FileWidth = 120
		$3.TabWidth = 4
		$3.EolMarker = Unix
		$3.inheritsSet = Mono
		$3.inheritsScope = text/plain
		$3.scope = text/plain
	EndGlobalSection

EndGlobal
